<?xml version="1.0" encoding="utf-8"?>
<Project ToolsVersion="4.0" xmlns="http://schemas.microsoft.com/developer/msbuild/2003">
  <ItemGroup>
    <Filter Include="Session">
      <UniqueIdentifier>{63540dca-331b-46a2-89ce-94fd13a9c267}</UniqueIdentifier>
    </Filter>
    <Filter Include="Debug">
      <UniqueIdentifier>{2ee48e5b-13f5-4540-b43c-00ae283da63a}</UniqueIdentifier>
    </Filter>
  </ItemGroup>
  <ItemGroup>
    <ClInclude Include="$(MSBuildThisFileDirectory)Session\BridgeMessage.h">
      <Filter>Session</Filter>
    </ClInclude>
    <ClInclude Include="$(MSBuildThisFileDirectory)Session\InstanceSession.h">
      <Filter>Session</Filter>
    </ClInclude>
    <ClInclude Include="$(MSBuildThisFileDirectory)Session\SessionMessage.h">
      <Filter>Session</Filter>
    </ClInclude>
    <ClInclude Include="$(MSBuildThisFileDirectory)Session\StandardSession.h">
      <Filter>Session</Filter>
    </ClInclude>
    <ClInclude Include="$(MSBuildThisFileDirectory)CriticalSection.h" />
    <ClInclude Include="$(MSBuildThisFileDirectory)Pipe.h" />
    <ClInclude Include="$(MSBuildThisFileDirectory)Session\SpiInstanceSession.h">
      <Filter>Session</Filter>
    </ClInclude>
    <ClInclude Include="$(MSBuildThisFileDirectory)WinUtil.h" />
    <ClInclude Include="$(MSBuildThisFileDirectory)Debug\Console.h">
      <Filter>Debug</Filter>
    </ClInclude>
  </ItemGroup>
  <ItemGroup>
    <ClCompile Include="$(MSBuildThisFileDirectory)Session\InstanceSession.cpp">
      <Filter>Session</Filter>
    </ClCompile>
    <ClCompile Include="$(MSBuildThisFileDirectory)Session\SessionMessage.cpp">
      <Filter>Session</Filter>
    </ClCompile>
    <ClCompile Include="$(MSBuildThisFileDirectory)Session\StandardSession.cpp">
      <Filter>Session</Filter>
    </ClCompile>
    <ClCompile Include="$(MSBuildThisFileDirectory)CriticalSection.cpp" />
    <ClCompile Include="$(MSBuildThisFileDirectory)Pipe.cpp" />
    <ClCompile Include="$(MSBuildThisFileDirectory)Session\SpiInstanceSession.cpp">
      <Filter>Session</Filter>
    </ClCompile>
    <ClCompile Include="$(MSBuildThisFileDirectory)WinUtil.cpp" />
    <ClCompile Include="$(MSBuildThisFileDirectory)Debug\Console.cpp">
      <Filter>Debug</Filter>
    </ClCompile>
  </ItemGroup>
</Project>